
Microsoft Visual Studio Solution File, Format Version 12.00
# Visual Studio Version 16
VisualStudioVersion = 16.0.31205.134
MinimumVisualStudioVersion = 10.0.40219.1
Project("{8BC9CEB8-8B4A-11D0-8D11-00A0C91BC942}") = "ctrm", "ctrm\ctrm.vcxproj", "{D1AFBCF4-FF42-4960-A425-14585192A2C2}"
EndProject
Project("{888888A0-9F3D-457C-B088-3A5042F75D52}") = "pythonProj", "pythonProj\pythonProj.pyproj", "{8B047CC2-20D7-415C-B252-CAC25779206F}"
EndProject
Global
	GlobalSection(SolutionConfigurationPlatforms) = preSolution
		Debug|Any CPU = Debug|Any CPU
		Debug|x64 = Debug|x64
		Debug|x86 = Debug|x86
		DebugOpt|Any CPU = DebugOpt|Any CPU
		DebugOpt|x64 = DebugOpt|x64
		DebugOpt|x86 = DebugOpt|x86
		DebugPy|Any CPU = DebugPy|Any CPU
		DebugPy|x64 = DebugPy|x64
		DebugPy|x86 = DebugPy|x86
		Release|Any CPU = Release|Any CPU
		Release|x64 = Release|x64
		Release|x86 = Release|x86
		release-py|Any CPU = release-py|Any CPU
		release-py|x64 = release-py|x64
		release-py|x86 = release-py|x86
	EndGlobalSection
	GlobalSection(ProjectConfigurationPlatforms) = postSolution
		{D1AFBCF4-FF42-4960-A425-14585192A2C2}.Debug|Any CPU.ActiveCfg = Debug|Win32
		{D1AFBCF4-FF42-4960-A425-14585192A2C2}.Debug|x64.ActiveCfg = Debug|x64
		{D1AFBCF4-FF42-4960-A425-14585192A2C2}.Debug|x64.Build.0 = Debug|x64
		{D1AFBCF4-FF42-4960-A425-14585192A2C2}.Debug|x86.ActiveCfg = Debug|Win32
		{D1AFBCF4-FF42-4960-A425-14585192A2C2}.Debug|x86.Build.0 = Debug|Win32
		{D1AFBCF4-FF42-4960-A425-14585192A2C2}.DebugOpt|Any CPU.ActiveCfg = release-py|Win32
		{D1AFBCF4-FF42-4960-A425-14585192A2C2}.DebugOpt|Any CPU.Build.0 = release-py|Win32
		{D1AFBCF4-FF42-4960-A425-14585192A2C2}.DebugOpt|x64.ActiveCfg = Debug-Opt|x64
		{D1AFBCF4-FF42-4960-A425-14585192A2C2}.DebugOpt|x64.Build.0 = Debug-Opt|x64
		{D1AFBCF4-FF42-4960-A425-14585192A2C2}.DebugOpt|x86.ActiveCfg = Debug-Opt|Win32
		{D1AFBCF4-FF42-4960-A425-14585192A2C2}.DebugOpt|x86.Build.0 = Debug-Opt|Win32
		{D1AFBCF4-FF42-4960-A425-14585192A2C2}.DebugPy|Any CPU.ActiveCfg = release-py|Win32
		{D1AFBCF4-FF42-4960-A425-14585192A2C2}.DebugPy|Any CPU.Build.0 = release-py|Win32
		{D1AFBCF4-FF42-4960-A425-14585192A2C2}.DebugPy|x64.ActiveCfg = Debug-py|x64
		{D1AFBCF4-FF42-4960-A425-14585192A2C2}.DebugPy|x64.Build.0 = Debug-py|x64
		{D1AFBCF4-FF42-4960-A425-14585192A2C2}.DebugPy|x86.ActiveCfg = Debug-py|Win32
		{D1AFBCF4-FF42-4960-A425-14585192A2C2}.DebugPy|x86.Build.0 = Debug-py|Win32
		{D1AFBCF4-FF42-4960-A425-14585192A2C2}.Release|Any CPU.ActiveCfg = Release|Win32
		{D1AFBCF4-FF42-4960-A425-14585192A2C2}.Release|x64.ActiveCfg = Release|x64
		{D1AFBCF4-FF42-4960-A425-14585192A2C2}.Release|x64.Build.0 = Release|x64
		{D1AFBCF4-FF42-4960-A425-14585192A2C2}.Release|x86.ActiveCfg = Release|Win32
		{D1AFBCF4-FF42-4960-A425-14585192A2C2}.Release|x86.Build.0 = Release|Win32
		{D1AFBCF4-FF42-4960-A425-14585192A2C2}.release-py|Any CPU.ActiveCfg = release-py|Win32
		{D1AFBCF4-FF42-4960-A425-14585192A2C2}.release-py|x64.ActiveCfg = release-py|x64
		{D1AFBCF4-FF42-4960-A425-14585192A2C2}.release-py|x64.Build.0 = release-py|x64
		{D1AFBCF4-FF42-4960-A425-14585192A2C2}.release-py|x86.ActiveCfg = release-py|Win32
		{D1AFBCF4-FF42-4960-A425-14585192A2C2}.release-py|x86.Build.0 = release-py|Win32
		{8B047CC2-20D7-415C-B252-CAC25779206F}.Debug|Any CPU.ActiveCfg = Debug|Any CPU
		{8B047CC2-20D7-415C-B252-CAC25779206F}.Debug|x64.ActiveCfg = Debug|Any CPU
		{8B047CC2-20D7-415C-B252-CAC25779206F}.Debug|x86.ActiveCfg = Debug|Any CPU
		{8B047CC2-20D7-415C-B252-CAC25779206F}.DebugOpt|Any CPU.ActiveCfg = Debug|Any CPU
		{8B047CC2-20D7-415C-B252-CAC25779206F}.DebugOpt|x64.ActiveCfg = Debug|Any CPU
		{8B047CC2-20D7-415C-B252-CAC25779206F}.DebugOpt|x86.ActiveCfg = Debug|Any CPU
		{8B047CC2-20D7-415C-B252-CAC25779206F}.DebugPy|Any CPU.ActiveCfg = Debug|Any CPU
		{8B047CC2-20D7-415C-B252-CAC25779206F}.DebugPy|x64.ActiveCfg = Debug|Any CPU
		{8B047CC2-20D7-415C-B252-CAC25779206F}.DebugPy|x86.ActiveCfg = Debug|Any CPU
		{8B047CC2-20D7-415C-B252-CAC25779206F}.Release|Any CPU.ActiveCfg = Release|Any CPU
		{8B047CC2-20D7-415C-B252-CAC25779206F}.Release|x64.ActiveCfg = Release|Any CPU
		{8B047CC2-20D7-415C-B252-CAC25779206F}.Release|x86.ActiveCfg = Release|Any CPU
		{8B047CC2-20D7-415C-B252-CAC25779206F}.release-py|Any CPU.ActiveCfg = Release|Any CPU
		{8B047CC2-20D7-415C-B252-CAC25779206F}.release-py|x64.ActiveCfg = Release|Any CPU
		{8B047CC2-20D7-415C-B252-CAC25779206F}.release-py|x86.ActiveCfg = Release|Any CPU
	EndGlobalSection
	GlobalSection(SolutionProperties) = preSolution
		HideSolutionNode = FALSE
	EndGlobalSection
	GlobalSection(ExtensibilityGlobals) = postSolution
		SolutionGuid = {DDE98F46-F199-4751-9476-8EC00B6E787C}
	EndGlobalSection
EndGlobal
